
Microsoft Visual Studio Solution File, Format Version 12.00
# Visual Studio Version 17
VisualStudioVersion = 17.11.35327.3
MinimumVisualStudioVersion = 10.0.40219.1
Project("{FAE04EC0-301F-11D3-BF4B-00C04F79EFBC}") = "CSLT_TRONGLOP", "CSLT_TRONGLOP\CSLT_TRONGLOP.csproj", "{29C8B05C-3644-4B70-B93F-036A3406EDCD}"
EndProject
Global
	GlobalSection(SolutionConfigurationPlatforms) = preSolution
		Debug|Any CPU = Debug|Any CPU
		Release|Any CPU = Release|Any CPU
	EndGlobalSection
	GlobalSection(ProjectConfigurationPlatforms) = postSolution
		{29C8B05C-3644-4B70-B93F-036A3406EDCD}.Debug|Any CPU.ActiveCfg = Debug|Any CPU
		{29C8B05C-3644-4B70-B93F-036A3406EDCD}.Debug|Any CPU.Build.0 = Debug|Any CPU
		{29C8B05C-3644-4B70-B93F-036A3406EDCD}.Release|Any CPU.ActiveCfg = Release|Any CPU
		{29C8B05C-3644-4B70-B93F-036A3406EDCD}.Release|Any CPU.Build.0 = Release|Any CPU
	EndGlobalSection
	GlobalSection(SolutionProperties) = preSolution
		HideSolutionNode = FALSE
	EndGlobalSection
	GlobalSection(ExtensibilityGlobals) = postSolution
		SolutionGuid = {FB42490D-3599-4249-A49E-55293DBBF606}
	EndGlobalSection
EndGlobal
